
Microsoft Visual Studio Solution File, Format Version 12.00
# Visual Studio Version 16
VisualStudioVersion = 16.0.31911.196
MinimumVisualStudioVersion = 10.0.40219.1
Project("{8BC9CEB8-8B4A-11D0-8D11-00A0C91BC942}") = "coursework1", "coursework1\coursework1.vcxproj", "{C8DEF98E-D7DF-456C-97BB-FDF9DA9E4E01}"
EndProject
Project("{8BC9CEB8-8B4A-11D0-8D11-00A0C91BC942}") = "UnitTestForCoursework1", "UnitTestForCoursework1\UnitTestForCoursework1.vcxproj", "{3B7306E7-5090-478E-B5AF-EE561D6BB0CD}"
EndProject
Global
	GlobalSection(SolutionConfigurationPlatforms) = preSolution
		Debug|x64 = Debug|x64
		Debug|x86 = Debug|x86
		Release|x64 = Release|x64
		Release|x86 = Release|x86
	EndGlobalSection
	GlobalSection(ProjectConfigurationPlatforms) = postSolution
		{C8DEF98E-D7DF-456C-97BB-FDF9DA9E4E01}.Debug|x64.ActiveCfg = Debug|x64
		{C8DEF98E-D7DF-456C-97BB-FDF9DA9E4E01}.Debug|x64.Build.0 = Debug|x64
		{C8DEF98E-D7DF-456C-97BB-FDF9DA9E4E01}.Debug|x86.ActiveCfg = Debug|Win32
		{C8DEF98E-D7DF-456C-97BB-FDF9DA9E4E01}.Debug|x86.Build.0 = Debug|Win32
		{C8DEF98E-D7DF-456C-97BB-FDF9DA9E4E01}.Release|x64.ActiveCfg = Release|x64
		{C8DEF98E-D7DF-456C-97BB-FDF9DA9E4E01}.Release|x64.Build.0 = Release|x64
		{C8DEF98E-D7DF-456C-97BB-FDF9DA9E4E01}.Release|x86.ActiveCfg = Release|Win32
		{C8DEF98E-D7DF-456C-97BB-FDF9DA9E4E01}.Release|x86.Build.0 = Release|Win32
		{3B7306E7-5090-478E-B5AF-EE561D6BB0CD}.Debug|x64.ActiveCfg = Debug|x64
		{3B7306E7-5090-478E-B5AF-EE561D6BB0CD}.Debug|x64.Build.0 = Debug|x64
		{3B7306E7-5090-478E-B5AF-EE561D6BB0CD}.Debug|x86.ActiveCfg = Debug|Win32
		{3B7306E7-5090-478E-B5AF-EE561D6BB0CD}.Debug|x86.Build.0 = Debug|Win32
		{3B7306E7-5090-478E-B5AF-EE561D6BB0CD}.Release|x64.ActiveCfg = Release|x64
		{3B7306E7-5090-478E-B5AF-EE561D6BB0CD}.Release|x64.Build.0 = Release|x64
		{3B7306E7-5090-478E-B5AF-EE561D6BB0CD}.Release|x86.ActiveCfg = Release|Win32
		{3B7306E7-5090-478E-B5AF-EE561D6BB0CD}.Release|x86.Build.0 = Release|Win32
	EndGlobalSection
	GlobalSection(SolutionProperties) = preSolution
		HideSolutionNode = FALSE
	EndGlobalSection
	GlobalSection(ExtensibilityGlobals) = postSolution
		SolutionGuid = {0D821397-06A2-42AA-8967-5D632107F8FC}
	EndGlobalSection
EndGlobal
