
Microsoft Visual Studio Solution File, Format Version 12.00
# Visual Studio Version 16
VisualStudioVersion = 16.0.31729.503
MinimumVisualStudioVersion = 10.0.40219.1
Project("{8BC9CEB8-8B4A-11D0-8D11-00A0C91BC942}") = "UnitTest1forlaba2", "UnitTest1forlaba2\UnitTest1forlaba2.vcxproj", "{595D3E36-E2AF-43C7-907D-B921F603E56C}"
EndProject
Global
	GlobalSection(SolutionConfigurationPlatforms) = preSolution
		Debug|x64 = Debug|x64
		Debug|x86 = Debug|x86
		Release|x64 = Release|x64
		Release|x86 = Release|x86
	EndGlobalSection
	GlobalSection(ProjectConfigurationPlatforms) = postSolution
		{595D3E36-E2AF-43C7-907D-B921F603E56C}.Debug|x64.ActiveCfg = Debug|x64
		{595D3E36-E2AF-43C7-907D-B921F603E56C}.Debug|x64.Build.0 = Debug|x64
		{595D3E36-E2AF-43C7-907D-B921F603E56C}.Debug|x86.ActiveCfg = Debug|Win32
		{595D3E36-E2AF-43C7-907D-B921F603E56C}.Debug|x86.Build.0 = Debug|Win32
		{595D3E36-E2AF-43C7-907D-B921F603E56C}.Release|x64.ActiveCfg = Release|x64
		{595D3E36-E2AF-43C7-907D-B921F603E56C}.Release|x64.Build.0 = Release|x64
		{595D3E36-E2AF-43C7-907D-B921F603E56C}.Release|x86.ActiveCfg = Release|Win32
		{595D3E36-E2AF-43C7-907D-B921F603E56C}.Release|x86.Build.0 = Release|Win32
	EndGlobalSection
	GlobalSection(SolutionProperties) = preSolution
		HideSolutionNode = FALSE
	EndGlobalSection
	GlobalSection(ExtensibilityGlobals) = postSolution
		SolutionGuid = {354D9220-A272-432F-839D-49E27B9A59E5}
	EndGlobalSection
EndGlobal
